
Microsoft Visual Studio Solution File, Format Version 12.00
# Visual Studio Version 16
VisualStudioVersion = 16.0.29306.81
MinimumVisualStudioVersion = 10.0.40219.1
Project("{FAE04EC0-301F-11D3-BF4B-00C04F79EFBC}") = "ITShopBusinessLogic", "ITShopBusinessLogic\ITShopBusinessLogic.csproj", "{7BB5B5DC-E8A4-4F89-B3CE-53E3647C2FCA}"
EndProject
Global
	GlobalSection(SolutionConfigurationPlatforms) = preSolution
		Debug|Any CPU = Debug|Any CPU
		Release|Any CPU = Release|Any CPU
	EndGlobalSection
	GlobalSection(ProjectConfigurationPlatforms) = postSolution
		{7BB5B5DC-E8A4-4F89-B3CE-53E3647C2FCA}.Debug|Any CPU.ActiveCfg = Debug|Any CPU
		{7BB5B5DC-E8A4-4F89-B3CE-53E3647C2FCA}.Debug|Any CPU.Build.0 = Debug|Any CPU
		{7BB5B5DC-E8A4-4F89-B3CE-53E3647C2FCA}.Release|Any CPU.ActiveCfg = Release|Any CPU
		{7BB5B5DC-E8A4-4F89-B3CE-53E3647C2FCA}.Release|Any CPU.Build.0 = Release|Any CPU
	EndGlobalSection
	GlobalSection(SolutionProperties) = preSolution
		HideSolutionNode = FALSE
	EndGlobalSection
	GlobalSection(ExtensibilityGlobals) = postSolution
		SolutionGuid = {2E6BB254-31DE-4045-94F9-75F7CBC8F4C6}
	EndGlobalSection
EndGlobal
